// !$*UTF8*$!
{
	archiveVersion = 1;
	classes = {
	};
	objectVersion = 48;
	objects = {

/* Begin PBXBuildFile section */
		920B0A651F893A6100B730FE /* RoundedButton.swift in Sources */ = {isa = PBXBuildFile; fileRef = 920B0A641F893A6100B730FE /* RoundedButton.swift */; };
		923AF60D1F86286E00426079 /* AppDelegate.swift in Sources */ = {isa = PBXBuildFile; fileRef = 923AF60C1F86286E00426079 /* AppDelegate.swift */; };
		923AF60F1F86286E00426079 /* AppCodaViewController.swift in Sources */ = {isa = PBXBuildFile; fileRef = 923AF60E1F86286E00426079 /* AppCodaViewController.swift */; };
		923AF6121F86286E00426079 /* Main.storyboard in Resources */ = {isa = PBXBuildFile; fileRef = 923AF6101F86286E00426079 /* Main.storyboard */; };
		923AF6141F86286E00426079 /* Assets.xcassets in Resources */ = {isa = PBXBuildFile; fileRef = 923AF6131F86286E00426079 /* Assets.xcassets */; };
		923AF6171F86286E00426079 /* LaunchScreen.storyboard in Resources */ = {isa = PBXBuildFile; fileRef = 923AF6151F86286E00426079 /* LaunchScreen.storyboard */; };
		923AF6221F86286E00426079 /* ML_Core_Tutorial_AppCodaTests.swift in Sources */ = {isa = PBXBuildFile; fileRef = 923AF6211F86286E00426079 /* ML_Core_Tutorial_AppCodaTests.swift */; };
		923AF62D1F86286E00426079 /* ML_Core_Tutorial_AppCodaUITests.swift in Sources */ = {isa = PBXBuildFile; fileRef = 923AF62C1F86286E00426079 /* ML_Core_Tutorial_AppCodaUITests.swift */; };
		924485991F8786290038E505 /* Home.swift in Sources */ = {isa = PBXBuildFile; fileRef = 924485981F8786290038E505 /* Home.swift */; };
		925F44BF1F86896F007D683D /* HomeViewController.swift in Sources */ = {isa = PBXBuildFile; fileRef = 925F44BE1F86896F007D683D /* HomeViewController.swift */; };
		92622D73200A5370002846D0 /* Inceptionv3.mlmodel in Sources */ = {isa = PBXBuildFile; fileRef = 92622D71200A534C002846D0 /* Inceptionv3.mlmodel */; };
		926C69D4200C0A5400F8832C /* VisionViewController.swift in Sources */ = {isa = PBXBuildFile; fileRef = 926C69D3200C0A5400F8832C /* VisionViewController.swift */; };
		926C69D7200C0B3100F8832C /* BaseCell.swift in Sources */ = {isa = PBXBuildFile; fileRef = 926C69D5200C0B3100F8832C /* BaseCell.swift */; };
		926C69D8200C0B3100F8832C /* BaseCell.xib in Resources */ = {isa = PBXBuildFile; fileRef = 926C69D6200C0B3100F8832C /* BaseCell.xib */; };
		929BE9771F86A70400670F1A /* HomeCell.swift in Sources */ = {isa = PBXBuildFile; fileRef = 929BE9761F86A70400670F1A /* HomeCell.swift */; };
/* End PBXBuildFile section */

/* Begin PBXContainerItemProxy section */
		923AF61E1F86286E00426079 /* PBXContainerItemProxy */ = {
			isa = PBXContainerItemProxy;
			containerPortal = 923AF6011F86286E00426079 /* Project object */;
			proxyType = 1;
			remoteGlobalIDString = 923AF6081F86286E00426079;
			remoteInfo = "ML Core Tutorial AppCoda";
		};
		923AF6291F86286E00426079 /* PBXContainerItemProxy */ = {
			isa = PBXContainerItemProxy;
			containerPortal = 923AF6011F86286E00426079 /* Project object */;
			proxyType = 1;
			remoteGlobalIDString = 923AF6081F86286E00426079;
			remoteInfo = "ML Core Tutorial AppCoda";
		};
/* End PBXContainerItemProxy section */

/* Begin PBXFileReference section */
		920B0A641F893A6100B730FE /* RoundedButton.swift */ = {isa = PBXFileReference; lastKnownFileType = sourcecode.swift; path = RoundedButton.swift; sourceTree = "<group>"; };
		923AF6091F86286E00426079 /* ML Core Tutorial AppCoda.app */ = {isa = PBXFileReference; explicitFileType = wrapper.application; includeInIndex = 0; path = "ML Core Tutorial AppCoda.app"; sourceTree = BUILT_PRODUCTS_DIR; };
		923AF60C1F86286E00426079 /* AppDelegate.swift */ = {isa = PBXFileReference; lastKnownFileType = sourcecode.swift; path = AppDelegate.swift; sourceTree = "<group>"; };
		923AF60E1F86286E00426079 /* AppCodaViewController.swift */ = {isa = PBXFileReference; lastKnownFileType = sourcecode.swift; path = AppCodaViewController.swift; sourceTree = "<group>"; };
		923AF6111F86286E00426079 /* Base */ = {isa = PBXFileReference; lastKnownFileType = file.storyboard; name = Base; path = Base.lproj/Main.storyboard; sourceTree = "<group>"; };
		923AF6131F86286E00426079 /* Assets.xcassets */ = {isa = PBXFileReference; lastKnownFileType = folder.assetcatalog; path = Assets.xcassets; sourceTree = "<group>"; };
		923AF6161F86286E00426079 /* Base */ = {isa = PBXFileReference; lastKnownFileType = file.storyboard; name = Base; path = Base.lproj/LaunchScreen.storyboard; sourceTree = "<group>"; };
		923AF6181F86286E00426079 /* Info.plist */ = {isa = PBXFileReference; lastKnownFileType = text.plist.xml; path = Info.plist; sourceTree = "<group>"; };
		923AF61D1F86286E00426079 /* ML Core Tutorial AppCodaTests.xctest */ = {isa = PBXFileReference; explicitFileType = wrapper.cfbundle; includeInIndex = 0; path = "ML Core Tutorial AppCodaTests.xctest"; sourceTree = BUILT_PRODUCTS_DIR; };
		923AF6211F86286E00426079 /* ML_Core_Tutorial_AppCodaTests.swift */ = {isa = PBXFileReference; lastKnownFileType = sourcecode.swift; path = ML_Core_Tutorial_AppCodaTests.swift; sourceTree = "<group>"; };
		923AF6231F86286E00426079 /* Info.plist */ = {isa = PBXFileReference; lastKnownFileType = text.plist.xml; path = Info.plist; sourceTree = "<group>"; };
		923AF6281F86286E00426079 /* ML Core Tutorial AppCodaUITests.xctest */ = {isa = PBXFileReference; explicitFileType = wrapper.cfbundle; includeInIndex = 0; path = "ML Core Tutorial AppCodaUITests.xctest"; sourceTree = BUILT_PRODUCTS_DIR; };
		923AF62C1F86286E00426079 /* ML_Core_Tutorial_AppCodaUITests.swift */ = {isa = PBXFileReference; lastKnownFileType = sourcecode.swift; path = ML_Core_Tutorial_AppCodaUITests.swift; sourceTree = "<group>"; };
		923AF62E1F86286E00426079 /* Info.plist */ = {isa = PBXFileReference; lastKnownFileType = text.plist.xml; path = Info.plist; sourceTree = "<group>"; };
		924485981F8786290038E505 /* Home.swift */ = {isa = PBXFileReference; lastKnownFileType = sourcecode.swift; path = Home.swift; sourceTree = "<group>"; };
		925F44BE1F86896F007D683D /* HomeViewController.swift */ = {isa = PBXFileReference; lastKnownFileType = sourcecode.swift; path = HomeViewController.swift; sourceTree = "<group>"; };
		92622D71200A534C002846D0 /* Inceptionv3.mlmodel */ = {isa = PBXFileReference; lastKnownFileType = file.mlmodel; path = Inceptionv3.mlmodel; sourceTree = "<group>"; };
		926C69D3200C0A5400F8832C /* VisionViewController.swift */ = {isa = PBXFileReference; lastKnownFileType = sourcecode.swift; path = VisionViewController.swift; sourceTree = "<group>"; };
		926C69D5200C0B3100F8832C /* BaseCell.swift */ = {isa = PBXFileReference; lastKnownFileType = sourcecode.swift; path = BaseCell.swift; sourceTree = "<group>"; };
		926C69D6200C0B3100F8832C /* BaseCell.xib */ = {isa = PBXFileReference; lastKnownFileType = file.xib; path = BaseCell.xib; sourceTree = "<group>"; };
		929BE9761F86A70400670F1A /* HomeCell.swift */ = {isa = PBXFileReference; lastKnownFileType = sourcecode.swift; path = HomeCell.swift; sourceTree = "<group>"; };
/* End PBXFileReference section */

/* Begin PBXFrameworksBuildPhase section */
		923AF6061F86286E00426079 /* Frameworks */ = {
			isa = PBXFrameworksBuildPhase;
			buildActionMask = 2147483647;
			files = (
			);
			runOnlyForDeploymentPostprocessing = 0;
		};
		923AF61A1F86286E00426079 /* Frameworks */ = {
			isa = PBXFrameworksBuildPhase;
			buildActionMask = 2147483647;
			files = (
			);
			runOnlyForDeploymentPostprocessing = 0;
		};
		923AF6251F86286E00426079 /* Frameworks */ = {
			isa = PBXFrameworksBuildPhase;
			buildActionMask = 2147483647;
			files = (
			);
			runOnlyForDeploymentPostprocessing = 0;
		};
/* End PBXFrameworksBuildPhase section */

/* Begin PBXGroup section */
		92240FAE200A5265007BDFE6 /* controller */ = {
			isa = PBXGroup;
			children = (
				925F44BE1F86896F007D683D /* HomeViewController.swift */,
				923AF60E1F86286E00426079 /* AppCodaViewController.swift */,
				926C69D3200C0A5400F8832C /* VisionViewController.swift */,
			);
			path = controller;
			sourceTree = "<group>";
		};
		92240FAF200A5272007BDFE6 /* view */ = {
			isa = PBXGroup;
			children = (
				923AF6101F86286E00426079 /* Main.storyboard */,
				923AF6131F86286E00426079 /* Assets.xcassets */,
				923AF6151F86286E00426079 /* LaunchScreen.storyboard */,
				929BE9761F86A70400670F1A /* HomeCell.swift */,
				920B0A641F893A6100B730FE /* RoundedButton.swift */,
				926C69D5200C0B3100F8832C /* BaseCell.swift */,
				926C69D6200C0B3100F8832C /* BaseCell.xib */,
			);
			path = view;
			sourceTree = "<group>";
		};
		92240FB0200A527F007BDFE6 /* model */ = {
			isa = PBXGroup;
			children = (
				92622D71200A534C002846D0 /* Inceptionv3.mlmodel */,
				924485981F8786290038E505 /* Home.swift */,
			);
			path = model;
			sourceTree = "<group>";
		};
		923AF6001F86286E00426079 = {
			isa = PBXGroup;
			children = (
				923AF60B1F86286E00426079 /* ML Core Tutorial AppCoda */,
				923AF6201F86286E00426079 /* ML Core Tutorial AppCodaTests */,
				923AF62B1F86286E00426079 /* ML Core Tutorial AppCodaUITests */,
				923AF60A1F86286E00426079 /* Products */,
			);
			sourceTree = "<group>";
		};
		923AF60A1F86286E00426079 /* Products */ = {
			isa = PBXGroup;
			children = (
				923AF6091F86286E00426079 /* ML Core Tutorial AppCoda.app */,
				923AF61D1F86286E00426079 /* ML Core Tutorial AppCodaTests.xctest */,
				923AF6281F86286E00426079 /* ML Core Tutorial AppCodaUITests.xctest */,
			);
			name = Products;
			sourceTree = "<group>";
		};
		923AF60B1F86286E00426079 /* ML Core Tutorial AppCoda */ = {
			isa = PBXGroup;
			children = (
				92240FB0200A527F007BDFE6 /* model */,
				92240FAF200A5272007BDFE6 /* view */,
				92240FAE200A5265007BDFE6 /* controller */,
				923AF60C1F86286E00426079 /* AppDelegate.swift */,
				923AF6181F86286E00426079 /* Info.plist */,
			);
			path = "ML Core Tutorial AppCoda";
			sourceTree = "<group>";
		};
		923AF6201F86286E00426079 /* ML Core Tutorial AppCodaTests */ = {
			isa = PBXGroup;
			children = (
				923AF6211F86286E00426079 /* ML_Core_Tutorial_AppCodaTests.swift */,
				923AF6231F86286E00426079 /* Info.plist */,
			);
			path = "ML Core Tutorial AppCodaTests";
			sourceTree = "<group>";
		};
		923AF62B1F86286E00426079 /* ML Core Tutorial AppCodaUITests */ = {
			isa = PBXGroup;
			children = (
				923AF62C1F86286E00426079 /* ML_Core_Tutorial_AppCodaUITests.swift */,
				923AF62E1F86286E00426079 /* Info.plist */,
			);
			path = "ML Core Tutorial AppCodaUITests";
			sourceTree = "<group>";
		};
/* End PBXGroup section */

/* Begin PBXNativeTarget section */
		923AF6081F86286E00426079 /* ML Core Tutorial AppCoda */ = {
			isa = PBXNativeTarget;
			buildConfigurationList = 923AF6311F86286E00426079 /* Build configuration list for PBXNativeTarget "ML Core Tutorial AppCoda" */;
			buildPhases = (
				923AF6051F86286E00426079 /* Sources */,
				923AF6061F86286E00426079 /* Frameworks */,
				923AF6071F86286E00426079 /* Resources */,
			);
			buildRules = (
			);
			dependencies = (
			);
			name = "ML Core Tutorial AppCoda";
			productName = "ML Core Tutorial AppCoda";
			productReference = 923AF6091F86286E00426079 /* ML Core Tutorial AppCoda.app */;
			productType = "com.apple.product-type.application";
		};
		923AF61C1F86286E00426079 /* ML Core Tutorial AppCodaTests */ = {
			isa = PBXNativeTarget;
			buildConfigurationList = 923AF6341F86286E00426079 /* Build configuration list for PBXNativeTarget "ML Core Tutorial AppCodaTests" */;
			buildPhases = (
				923AF6191F86286E00426079 /* Sources */,
				923AF61A1F86286E00426079 /* Frameworks */,
				923AF61B1F86286E00426079 /* Resources */,
			);
			buildRules = (
			);
			dependencies = (
				923AF61F1F86286E00426079 /* PBXTargetDependency */,
			);
			name = "ML Core Tutorial AppCodaTests";
			productName = "ML Core Tutorial AppCodaTests";
			productReference = 923AF61D1F86286E00426079 /* ML Core Tutorial AppCodaTests.xctest */;
			productType = "com.apple.product-type.bundle.unit-test";
		};
		923AF6271F86286E00426079 /* ML Core Tutorial AppCodaUITests */ = {
			isa = PBXNativeTarget;
			buildConfigurationList = 923AF6371F86286E00426079 /* Build configuration list for PBXNativeTarget "ML Core Tutorial AppCodaUITests" */;
			buildPhases = (
				923AF6241F86286E00426079 /* Sources */,
				923AF6251F86286E00426079 /* Frameworks */,
				923AF6261F86286E00426079 /* Resources */,
			);
			buildRules = (
			);
			dependencies = (
				923AF62A1F86286E00426079 /* PBXTargetDependency */,
			);
			name = "ML Core Tutorial AppCodaUITests";
			productName = "ML Core Tutorial AppCodaUITests";
			productReference = 923AF6281F86286E00426079 /* ML Core Tutorial AppCodaUITests.xctest */;
			productType = "com.apple.product-type.bundle.ui-testing";
		};
/* End PBXNativeTarget section */

/* Begin PBXProject section */
		923AF6011F86286E00426079 /* Project object */ = {
			isa = PBXProject;
			attributes = {
				LastSwiftUpdateCheck = 0900;
				LastUpgradeCheck = 0900;
				ORGANIZATIONNAME = "Arifin Firdaus";
				TargetAttributes = {
					923AF6081F86286E00426079 = {
						CreatedOnToolsVersion = 9.0;
						ProvisioningStyle = Automatic;
					};
					923AF61C1F86286E00426079 = {
						CreatedOnToolsVersion = 9.0;
						ProvisioningStyle = Automatic;
						TestTargetID = 923AF6081F86286E00426079;
					};
					923AF6271F86286E00426079 = {
						CreatedOnToolsVersion = 9.0;
						ProvisioningStyle = Automatic;
						TestTargetID = 923AF6081F86286E00426079;
					};
				};
			};
			buildConfigurationList = 923AF6041F86286E00426079 /* Build configuration list for PBXProject "ML Core Tutorial AppCoda" */;
			compatibilityVersion = "Xcode 8.0";
			developmentRegion = en;
			hasScannedForEncodings = 0;
			knownRegions = (
				en,
				Base,
			);
			mainGroup = 923AF6001F86286E00426079;
			productRefGroup = 923AF60A1F86286E00426079 /* Products */;
			projectDirPath = "";
			projectRoot = "";
			targets = (
				923AF6081F86286E00426079 /* ML Core Tutorial AppCoda */,
				923AF61C1F86286E00426079 /* ML Core Tutorial AppCodaTests */,
				923AF6271F86286E00426079 /* ML Core Tutorial AppCodaUITests */,
			);
		};
/* End PBXProject section */

/* Begin PBXResourcesBuildPhase section */
		923AF6071F86286E00426079 /* Resources */ = {
			isa = PBXResourcesBuildPhase;
			buildActionMask = 2147483647;
			files = (
				926C69D8200C0B3100F8832C /* BaseCell.xib in Resources */,
				923AF6171F86286E00426079 /* LaunchScreen.storyboard in Resources */,
				923AF6141F86286E00426079 /* Assets.xcassets in Resources */,
				923AF6121F86286E00426079 /* Main.storyboard in Resources */,
			);
			runOnlyForDeploymentPostprocessing = 0;
		};
		923AF61B1F86286E00426079 /* Resources */ = {
			isa = PBXResourcesBuildPhase;
			buildActionMask = 2147483647;
			files = (
			);
			runOnlyForDeploymentPostprocessing = 0;
		};
		923AF6261F86286E00426079 /* Resources */ = {
			isa = PBXResourcesBuildPhase;
			buildActionMask = 2147483647;
			files = (
			);
			runOnlyForDeploymentPostprocessing = 0;
		};
/* End PBXResourcesBuildPhase section */

/* Begin PBXSourcesBuildPhase section */
		923AF6051F86286E00426079 /* Sources */ = {
			isa = PBXSourcesBuildPhase;
			buildActionMask = 2147483647;
			files = (
				923AF60F1F86286E00426079 /* AppCodaViewController.swift in Sources */,
				923AF60D1F86286E00426079 /* AppDelegate.swift in Sources */,
				925F44BF1F86896F007D683D /* HomeViewController.swift in Sources */,
				920B0A651F893A6100B730FE /* RoundedButton.swift in Sources */,
				926C69D7200C0B3100F8832C /* BaseCell.swift in Sources */,
				926C69D4200C0A5400F8832C /* VisionViewController.swift in Sources */,
				924485991F8786290038E505 /* Home.swift in Sources */,
				929BE9771F86A70400670F1A /* HomeCell.swift in Sources */,
				92622D73200A5370002846D0 /* Inceptionv3.mlmodel in Sources */,
			);
			runOnlyForDeploymentPostprocessing = 0;
		};
		923AF6191F86286E00426079 /* Sources */ = {
			isa = PBXSourcesBuildPhase;
			buildActionMask = 2147483647;
			files = (
				923AF6221F86286E00426079 /* ML_Core_Tutorial_AppCodaTests.swift in Sources */,
			);
			runOnlyForDeploymentPostprocessing = 0;
		};
		923AF6241F86286E00426079 /* Sources */ = {
			isa = PBXSourcesBuildPhase;
			buildActionMask = 2147483647;
			files = (
				923AF62D1F86286E00426079 /* ML_Core_Tutorial_AppCodaUITests.swift in Sources */,
			);
			runOnlyForDeploymentPostprocessing = 0;
		};
/* End PBXSourcesBuildPhase section */

/* Begin PBXTargetDependency section */
		923AF61F1F86286E00426079 /* PBXTargetDependency */ = {
			isa = PBXTargetDependency;
			target = 923AF6081F86286E00426079 /* ML Core Tutorial AppCoda */;
			targetProxy = 923AF61E1F86286E00426079 /* PBXContainerItemProxy */;
		};
		923AF62A1F86286E00426079 /* PBXTargetDependency */ = {
			isa = PBXTargetDependency;
			target = 923AF6081F86286E00426079 /* ML Core Tutorial AppCoda */;
			targetProxy = 923AF6291F86286E00426079 /* PBXContainerItemProxy */;
		};
/* End PBXTargetDependency section */

/* Begin PBXVariantGroup section */
		923AF6101F86286E00426079 /* Main.storyboard */ = {
			isa = PBXVariantGroup;
			children = (
				923AF6111F86286E00426079 /* Base */,
			);
			name = Main.storyboard;
			sourceTree = "<group>";
		};
		923AF6151F86286E00426079 /* LaunchScreen.storyboard */ = {
			isa = PBXVariantGroup;
			children = (
				923AF6161F86286E00426079 /* Base */,
			);
			name = LaunchScreen.storyboard;
			sourceTree = "<group>";
		};
/* End PBXVariantGroup section */

/* Begin XCBuildConfiguration section */
		923AF62F1F86286E00426079 /* Debug */ = {
			isa = XCBuildConfiguration;
			buildSettings = {
				ALWAYS_SEARCH_USER_PATHS = NO;
				CLANG_ANALYZER_NONNULL = YES;
				CLANG_ANALYZER_NUMBER_OBJECT_CONVERSION = YES_AGGRESSIVE;
				CLANG_CXX_LANGUAGE_STANDARD = "gnu++14";
				CLANG_CXX_LIBRARY = "libc++";
				CLANG_ENABLE_MODULES = YES;
				CLANG_ENABLE_OBJC_ARC = YES;
				CLANG_WARN_BLOCK_CAPTURE_AUTORELEASING = YES;
				CLANG_WARN_BOOL_CONVERSION = YES;
				CLANG_WARN_COMMA = YES;
				CLANG_WARN_CONSTANT_CONVERSION = YES;
				CLANG_WARN_DIRECT_OBJC_ISA_USAGE = YES_ERROR;
				CLANG_WARN_DOCUMENTATION_COMMENTS = YES;
				CLANG_WARN_EMPTY_BODY = YES;
				CLANG_WARN_ENUM_CONVERSION = YES;
				CLANG_WARN_INFINITE_RECURSION = YES;
				CLANG_WARN_INT_CONVERSION = YES;
				CLANG_WARN_NON_LITERAL_NULL_CONVERSION = YES;
				CLANG_WARN_OBJC_LITERAL_CONVERSION = YES;
				CLANG_WARN_OBJC_ROOT_CLASS = YES_ERROR;
				CLANG_WARN_RANGE_LOOP_ANALYSIS = YES;
				CLANG_WARN_STRICT_PROTOTYPES = YES;
				CLANG_WARN_SUSPICIOUS_MOVE = YES;
				CLANG_WARN_UNGUARDED_AVAILABILITY = YES_AGGRESSIVE;
				CLANG_WARN_UNREACHABLE_CODE = YES;
				CLANG_WARN__DUPLICATE_METHOD_MATCH = YES;
				CODE_SIGN_IDENTITY = "iPhone Developer";
				COPY_PHASE_STRIP = NO;
				DEBUG_INFORMATION_FORMAT = dwarf;
				ENABLE_STRICT_OBJC_MSGSEND = YES;
				ENABLE_TESTABILITY = YES;
				GCC_C_LANGUAGE_STANDARD = gnu11;
				GCC_DYNAMIC_NO_PIC = NO;
				GCC_NO_COMMON_BLOCKS = YES;
				GCC_OPTIMIZATION_LEVEL = 0;
				GCC_PREPROCESSOR_DEFINITIONS = (
					"DEBUG=1",
					"$(inherited)",
				);
				GCC_WARN_64_TO_32_BIT_CONVERSION = YES;
				GCC_WARN_ABOUT_RETURN_TYPE = YES_ERROR;
				GCC_WARN_UNDECLARED_SELECTOR = YES;
				GCC_WARN_UNINITIALIZED_AUTOS = YES_AGGRESSIVE;
				GCC_WARN_UNUSED_FUNCTION = YES;
				GCC_WARN_UNUSED_VARIABLE = YES;
				IPHONEOS_DEPLOYMENT_TARGET = 11.0;
				MTL_ENABLE_DEBUG_INFO = YES;
				ONLY_ACTIVE_ARCH = YES;
				SDKROOT = iphoneos;
				SWIFT_ACTIVE_COMPILATION_CONDITIONS = DEBUG;
				SWIFT_OPTIMIZATION_LEVEL = "-Onone";
			};
			name = Debug;
		};
		923AF6301F86286E00426079 /* Release */ = {
			isa = XCBuildConfiguration;
			buildSettings = {
				ALWAYS_SEARCH_USER_PATHS = NO;
				CLANG_ANALYZER_NONNULL = YES;
				CLANG_ANALYZER_NUMBER_OBJECT_CONVERSION = YES_AGGRESSIVE;
				CLANG_CXX_LANGUAGE_STANDARD = "gnu++14";
				CLANG_CXX_LIBRARY = "libc++";
				CLANG_ENABLE_MODULES = YES;
				CLANG_ENABLE_OBJC_ARC = YES;
				CLANG_WARN_BLOCK_CAPTURE_AUTORELEASING = YES;
				CLANG_WARN_BOOL_CONVERSION = YES;
				CLANG_WARN_COMMA = YES;
				CLANG_WARN_CONSTANT_CONVERSION = YES;
				CLANG_WARN_DIRECT_OBJC_ISA_USAGE = YES_ERROR;
				CLANG_WARN_DOCUMENTATION_COMMENTS = YES;
				CLANG_WARN_EMPTY_BODY = YES;
				CLANG_WARN_ENUM_CONVERSION = YES;
				CLANG_WARN_INFINITE_RECURSION = YES;
				CLANG_WARN_INT_CONVERSION = YES;
				CLANG_WARN_NON_LITERAL_NULL_CONVERSION = YES;
				CLANG_WARN_OBJC_LITERAL_CONVERSION = YES;
				CLANG_WARN_OBJC_ROOT_CLASS = YES_ERROR;
				CLANG_WARN_RANGE_LOOP_ANALYSIS = YES;
				CLANG_WARN_STRICT_PROTOTYPES = YES;
				CLANG_WARN_SUSPICIOUS_MOVE = YES;
				CLANG_WARN_UNGUARDED_AVAILABILITY = YES_AGGRESSIVE;
				CLANG_WARN_UNREACHABLE_CODE = YES;
				CLANG_WARN__DUPLICATE_METHOD_MATCH = YES;
				CODE_SIGN_IDENTITY = "iPhone Developer";
				COPY_PHASE_STRIP = NO;
				DEBUG_INFORMATION_FORMAT = "dwarf-with-dsym";
				ENABLE_NS_ASSERTIONS = NO;
				ENABLE_STRICT_OBJC_MSGSEND = YES;
				GCC_C_LANGUAGE_STANDARD = gnu11;
				GCC_NO_COMMON_BLOCKS = YES;
				GCC_WARN_64_TO_32_BIT_CONVERSION = YES;
				GCC_WARN_ABOUT_RETURN_TYPE = YES_ERROR;
				GCC_WARN_UNDECLARED_SELECTOR = YES;
				GCC_WARN_UNINITIALIZED_AUTOS = YES_AGGRESSIVE;
				GCC_WARN_UNUSED_FUNCTION = YES;
				GCC_WARN_UNUSED_VARIABLE = YES;
				IPHONEOS_DEPLOYMENT_TARGET = 11.0;
				MTL_ENABLE_DEBUG_INFO = NO;
				SDKROOT = iphoneos;
				SWIFT_OPTIMIZATION_LEVEL = "-Owholemodule";
				VALIDATE_PRODUCT = YES;
			};
			name = Release;
		};
		923AF6321F86286E00426079 /* Debug */ = {
			isa = XCBuildConfiguration;
			buildSettings = {
				ASSETCATALOG_COMPILER_APPICON_NAME = AppIcon;
				CODE_SIGN_STYLE = Automatic;
				DEVELOPMENT_TEAM = V6T249GHKX;
				INFOPLIST_FILE = "ML Core Tutorial AppCoda/Info.plist";
				LD_RUNPATH_SEARCH_PATHS = "$(inherited) @executable_path/Frameworks";
				PRODUCT_BUNDLE_IDENTIFIER = "com.arifinfrds.ML-Core-Tutorial-AppCoda";
				PRODUCT_NAME = "$(TARGET_NAME)";
				SWIFT_VERSION = 4.0;
				TARGETED_DEVICE_FAMILY = "1,2";
			};
			name = Debug;
		};
		923AF6331F86286E00426079 /* Release */ = {
			isa = XCBuildConfiguration;
			buildSettings = {
				ASSETCATALOG_COMPILER_APPICON_NAME = AppIcon;
				CODE_SIGN_STYLE = Automatic;
				DEVELOPMENT_TEAM = V6T249GHKX;
				INFOPLIST_FILE = "ML Core Tutorial AppCoda/Info.plist";
				LD_RUNPATH_SEARCH_PATHS = "$(inherited) @executable_path/Frameworks";
				PRODUCT_BUNDLE_IDENTIFIER = "com.arifinfrds.ML-Core-Tutorial-AppCoda";
				PRODUCT_NAME = "$(TARGET_NAME)";
				SWIFT_VERSION = 4.0;
				TARGETED_DEVICE_FAMILY = "1,2";
			};
			name = Release;
		};
		923AF6351F86286E00426079 /* Debug */ = {
			isa = XCBuildConfiguration;
			buildSettings = {
				ALWAYS_EMBED_SWIFT_STANDARD_LIBRARIES = YES;
				BUNDLE_LOADER = "$(TEST_HOST)";
				CODE_SIGN_STYLE = Automatic;
				DEVELOPMENT_TEAM = V6T249GHKX;
				INFOPLIST_FILE = "ML Core Tutorial AppCodaTests/Info.plist";
				LD_RUNPATH_SEARCH_PATHS = "$(inherited) @executable_path/Frameworks @loader_path/Frameworks";
				PRODUCT_BUNDLE_IDENTIFIER = "com.arifinfrds.ML-Core-Tutorial-AppCodaTests";
				PRODUCT_NAME = "$(TARGET_NAME)";
				SWIFT_VERSION = 4.0;
				TARGETED_DEVICE_FAMILY = "1,2";
				TEST_HOST = "$(BUILT_PRODUCTS_DIR)/ML Core Tutorial AppCoda.app/ML Core Tutorial AppCoda";
			};
			name = Debug;
		};
		923AF6361F86286E00426079 /* Release */ = {
			isa = XCBuildConfiguration;
			buildSettings = {
				ALWAYS_EMBED_SWIFT_STANDARD_LIBRARIES = YES;
				BUNDLE_LOADER = "$(TEST_HOST)";
				CODE_SIGN_STYLE = Automatic;
				DEVELOPMENT_TEAM = V6T249GHKX;
				INFOPLIST_FILE = "ML Core Tutorial AppCodaTests/Info.plist";
				LD_RUNPATH_SEARCH_PATHS = "$(inherited) @executable_path/Frameworks @loader_path/Frameworks";
				PRODUCT_BUNDLE_IDENTIFIER = "com.arifinfrds.ML-Core-Tutorial-AppCodaTests";
				PRODUCT_NAME = "$(TARGET_NAME)";
				SWIFT_VERSION = 4.0;
				TARGETED_DEVICE_FAMILY = "1,2";
				TEST_HOST = "$(BUILT_PRODUCTS_DIR)/ML Core Tutorial AppCoda.app/ML Core Tutorial AppCoda";
			};
			name = Release;
		};
		923AF6381F86286E00426079 /* Debug */ = {
			isa = XCBuildConfiguration;
			buildSettings = {
				ALWAYS_EMBED_SWIFT_STANDARD_LIBRARIES = YES;
				CODE_SIGN_STYLE = Automatic;
				DEVELOPMENT_TEAM = V6T249GHKX;
				INFOPLIST_FILE = "ML Core Tutorial AppCodaUITests/Info.plist";
				LD_RUNPATH_SEARCH_PATHS = "$(inherited) @executable_path/Frameworks @loader_path/Frameworks";
				PRODUCT_BUNDLE_IDENTIFIER = "com.arifinfrds.ML-Core-Tutorial-AppCodaUITests";
				PRODUCT_NAME = "$(TARGET_NAME)";
				SWIFT_VERSION = 4.0;
				TARGETED_DEVICE_FAMILY = "1,2";
				TEST_TARGET_NAME = "ML Core Tutorial AppCoda";
			};
			name = Debug;
		};
		923AF6391F86286E00426079 /* Release */ = {
			isa = XCBuildConfiguration;
			buildSettings = {
				ALWAYS_EMBED_SWIFT_STANDARD_LIBRARIES = YES;
				CODE_SIGN_STYLE = Automatic;
				DEVELOPMENT_TEAM = V6T249GHKX;
				INFOPLIST_FILE = "ML Core Tutorial AppCodaUITests/Info.plist";
				LD_RUNPATH_SEARCH_PATHS = "$(inherited) @executable_path/Frameworks @loader_path/Frameworks";
				PRODUCT_BUNDLE_IDENTIFIER = "com.arifinfrds.ML-Core-Tutorial-AppCodaUITests";
				PRODUCT_NAME = "$(TARGET_NAME)";
				SWIFT_VERSION = 4.0;
				TARGETED_DEVICE_FAMILY = "1,2";
				TEST_TARGET_NAME = "ML Core Tutorial AppCoda";
			};
			name = Release;
		};
/* End XCBuildConfiguration section */

/* Begin XCConfigurationList section */
		923AF6041F86286E00426079 /* Build configuration list for PBXProject "ML Core Tutorial AppCoda" */ = {
			isa = XCConfigurationList;
			buildConfigurations = (
				923AF62F1F86286E00426079 /* Debug */,
				923AF6301F86286E00426079 /* Release */,
			);
			defaultConfigurationIsVisible = 0;
			defaultConfigurationName = Release;
		};
		923AF6311F86286E00426079 /* Build configuration list for PBXNativeTarget "ML Core Tutorial AppCoda" */ = {
			isa = XCConfigurationList;
			buildConfigurations = (
				923AF6321F86286E00426079 /* Debug */,
				923AF6331F86286E00426079 /* Release */,
			);
			defaultConfigurationIsVisible = 0;
			defaultConfigurationName = Release;
		};
		923AF6341F86286E00426079 /* Build configuration list for PBXNativeTarget "ML Core Tutorial AppCodaTests" */ = {
			isa = XCConfigurationList;
			buildConfigurations = (
				923AF6351F86286E00426079 /* Debug */,
				923AF6361F86286E00426079 /* Release */,
			);
			defaultConfigurationIsVisible = 0;
			defaultConfigurationName = Release;
		};
		923AF6371F86286E00426079 /* Build configuration list for PBXNativeTarget "ML Core Tutorial AppCodaUITests" */ = {
			isa = XCConfigurationList;
			buildConfigurations = (
				923AF6381F86286E00426079 /* Debug */,
				923AF6391F86286E00426079 /* Release */,
			);
			defaultConfigurationIsVisible = 0;
			defaultConfigurationName = Release;
		};
/* End XCConfigurationList section */
	};
	rootObject = 923AF6011F86286E00426079 /* Project object */;
}
